
Microsoft Visual Studio Solution File, Format Version 12.00
# Visual Studio Version 16
VisualStudioVersion = 16.0.29709.97
MinimumVisualStudioVersion = 10.0.40219.1
Project("{FAE04EC0-301F-11D3-BF4B-00C04F79EFBC}") = "HealthScore.Web", "HealthScore.Web\HealthScore.Web.csproj", "{11C02F35-C9CF-4AB8-B6EF-A1CAA3CCA4C9}"
EndProject
Global
	GlobalSection(SolutionConfigurationPlatforms) = preSolution
		Debug|Any CPU = Debug|Any CPU
		Release|Any CPU = Release|Any CPU
	EndGlobalSection
	GlobalSection(ProjectConfigurationPlatforms) = postSolution
		{11C02F35-C9CF-4AB8-B6EF-A1CAA3CCA4C9}.Debug|Any CPU.ActiveCfg = Debug|Any CPU
		{11C02F35-C9CF-4AB8-B6EF-A1CAA3CCA4C9}.Debug|Any CPU.Build.0 = Debug|Any CPU
		{11C02F35-C9CF-4AB8-B6EF-A1CAA3CCA4C9}.Release|Any CPU.ActiveCfg = Release|Any CPU
		{11C02F35-C9CF-4AB8-B6EF-A1CAA3CCA4C9}.Release|Any CPU.Build.0 = Release|Any CPU
	EndGlobalSection
	GlobalSection(SolutionProperties) = preSolution
		HideSolutionNode = FALSE
	EndGlobalSection
	GlobalSection(ExtensibilityGlobals) = postSolution
		SolutionGuid = {12EBF00A-261C-499E-8B7C-57C3686ABE4F}
	EndGlobalSection
EndGlobal
